
Microsoft Visual Studio Solution File, Format Version 12.00
# Visual Studio Version 16
VisualStudioVersion = 16.0.30611.23
MinimumVisualStudioVersion = 10.0.40219.1
Project("{FAE04EC0-301F-11D3-BF4B-00C04F79EFBC}") = "TjspAutomacao", "TjspAutomacao\TjspAutomacao.csproj", "{71EAD846-8CCA-4948-915F-88460EF096BA}"
EndProject
Global
	GlobalSection(SolutionConfigurationPlatforms) = preSolution
		Debug|Any CPU = Debug|Any CPU
		Release|Any CPU = Release|Any CPU
	EndGlobalSection
	GlobalSection(ProjectConfigurationPlatforms) = postSolution
		{71EAD846-8CCA-4948-915F-88460EF096BA}.Debug|Any CPU.ActiveCfg = Debug|Any CPU
		{71EAD846-8CCA-4948-915F-88460EF096BA}.Debug|Any CPU.Build.0 = Debug|Any CPU
		{71EAD846-8CCA-4948-915F-88460EF096BA}.Release|Any CPU.ActiveCfg = Release|Any CPU
		{71EAD846-8CCA-4948-915F-88460EF096BA}.Release|Any CPU.Build.0 = Release|Any CPU
	EndGlobalSection
	GlobalSection(SolutionProperties) = preSolution
		HideSolutionNode = FALSE
	EndGlobalSection
	GlobalSection(ExtensibilityGlobals) = postSolution
		SolutionGuid = {7E17F16C-43EA-4FB8-961B-B6619D714EC5}
	EndGlobalSection
EndGlobal
